
Microsoft Visual Studio Solution File, Format Version 12.00
# Visual Studio 14
VisualStudioVersion = 14.0.25420.1
MinimumVisualStudioVersion = 10.0.40219.1
Project("{FAE04EC0-301F-11D3-BF4B-00C04F79EFBC}") = "SharpKit.ExtendedClr", "src\SharpKit.ExtendedClr\SharpKit.ExtendedClr.csproj", "{D0EC4E12-633E-4DC7-A96E-C125A194BDFF}"
EndProject
Project("{FAE04EC0-301F-11D3-BF4B-00C04F79EFBC}") = "SharpKit.ExtendedClr.Compilation", "src\SharpKit.ExtendedClr.Compilation\SharpKit.ExtendedClr.Compilation.csproj", "{5843F8CC-011C-4181-8056-7CC72609FDB4}"
EndProject
Global
	GlobalSection(SolutionConfigurationPlatforms) = preSolution
		Debug|Any CPU = Debug|Any CPU
		Release|Any CPU = Release|Any CPU
	EndGlobalSection
	GlobalSection(ProjectConfigurationPlatforms) = postSolution
		{D0EC4E12-633E-4DC7-A96E-C125A194BDFF}.Debug|Any CPU.ActiveCfg = Debug|Any CPU
		{D0EC4E12-633E-4DC7-A96E-C125A194BDFF}.Debug|Any CPU.Build.0 = Debug|Any CPU
		{D0EC4E12-633E-4DC7-A96E-C125A194BDFF}.Release|Any CPU.ActiveCfg = Release|Any CPU
		{D0EC4E12-633E-4DC7-A96E-C125A194BDFF}.Release|Any CPU.Build.0 = Release|Any CPU
		{5843F8CC-011C-4181-8056-7CC72609FDB4}.Debug|Any CPU.ActiveCfg = Debug|Any CPU
		{5843F8CC-011C-4181-8056-7CC72609FDB4}.Debug|Any CPU.Build.0 = Debug|Any CPU
		{5843F8CC-011C-4181-8056-7CC72609FDB4}.Release|Any CPU.ActiveCfg = Release|Any CPU
		{5843F8CC-011C-4181-8056-7CC72609FDB4}.Release|Any CPU.Build.0 = Release|Any CPU
	EndGlobalSection
	GlobalSection(SolutionProperties) = preSolution
		HideSolutionNode = FALSE
	EndGlobalSection
EndGlobal
